{
  "version": 4,
  "terraform_version": "1.9.8",
  "serial": 8,
  "lineage": "ec269f8d-21ca-4fb5-9a9b-affc76be9a3b",
  "outputs": {},
  "resources": [
    {
      "mode": "managed",
      "type": "local_file",
      "name": "pet",
      "provider": "provider[\"registry.terraform.io/hashicorp/local\"]",
      "instances": [
        {
          "schema_version": 0,
          "attributes": {
            "content": "Hello, world!",
            "content_base64": null,
            "content_base64sha256": "MV9b23bQeMQ7isAGTkoBZGErH853yGk0W/yUx1iU7dM=",
            "content_base64sha512": "wVJ82JPBJHc9gRkRlwyP5uhX1t9dySJr2KFgYUwM2WOk3eorlLt9NgIe+dhl1c6ilKgt1JoLsmn1H256V/eUIQ==",
            "content_md5": "6cd3556deb0da54bca060b4c39479839",
            "content_sha1": "943a702d06f34599aee1f8da8ef9f7296031d699",
            "content_sha256": "315f5bdb76d078c43b8ac0064e4a0164612b1fce77c869345bfc94c75894edd3",
            "content_sha512": "c1527cd893c124773d811911970c8fe6e857d6df5dc9226bd8a160614c0cd963a4ddea2b94bb7d36021ef9d865d5cea294a82dd49a0bb269f51f6e7a57f79421",
            "directory_permission": "0777",
            "file_permission": "0777",
            "filename": "/tmp/pet.txt",
            "id": "943a702d06f34599aee1f8da8ef9f7296031d699",
            "sensitive_content": null,
            "source": null
          },
          "sensitive_attributes": [
            [
              {
                "type": "get_attr",
                "value": "sensitive_content"
              }
            ]
          ]
        }
      ]
    }
  ],
  "check_results": null
}
